<Solution>
  <Folder Name="/src/">
    <Project Path="src/MauiControlsExtras/MauiControlsExtras.csproj" />
  </Folder>
  <Folder Name="/tests/">
    <Project Path="tests/MauiControlsExtras.Tests/MauiControlsExtras.Tests.csproj" />
  </Folder>
  <Folder Name="/samples/">
    <Project Path="samples/DemoApp/DemoApp.csproj">
      <Deploy Solution="Debug|*" />
    </Project>
  </Folder>
</Solution>
